// !$*UTF8*$!
{
	archiveVersion = 1;
	classes = {
	};
	objectVersion = 48;
	objects = {

/* Begin PBXBuildFile section */
		D592DCF31FA266A100258905 /* AppDelegate.swift in Sources */ = {isa = PBXBuildFile; fileRef = D592DCF21FA266A100258905 /* AppDelegate.swift */; };
		D592DCF51FA266A100258905 /* ViewController.swift in Sources */ = {isa = PBXBuildFile; fileRef = D592DCF41FA266A100258905 /* ViewController.swift */; };
		D592DCF81FA266A100258905 /* Main.storyboard in Resources */ = {isa = PBXBuildFile; fileRef = D592DCF61FA266A100258905 /* Main.storyboard */; };
		D592DCFA1FA266A100258905 /* Assets.xcassets in Resources */ = {isa = PBXBuildFile; fileRef = D592DCF91FA266A100258905 /* Assets.xcassets */; };
		D592DCFD1FA266A100258905 /* LaunchScreen.storyboard in Resources */ = {isa = PBXBuildFile; fileRef = D592DCFB1FA266A100258905 /* LaunchScreen.storyboard */; };
		D592DD081FA266A100258905 /* TETRIS_Tests.swift in Sources */ = {isa = PBXBuildFile; fileRef = D592DD071FA266A100258905 /* TETRIS_Tests.swift */; };
		D592DD131FA266A100258905 /* TETRIS_UITests.swift in Sources */ = {isa = PBXBuildFile; fileRef = D592DD121FA266A100258905 /* TETRIS_UITests.swift */; };
		D5A0BA6A1FA27D1B00FE3DD9 /* AVFoundation.framework in Frameworks */ = {isa = PBXBuildFile; fileRef = D5A0BA691FA27D1B00FE3DD9 /* AVFoundation.framework */; };
		D5A0BA6B1FA27E1500FE3DD9 /* Tetris.mp3 in Resources */ = {isa = PBXBuildFile; fileRef = D592DD201FA26D0B00258905 /* Tetris.mp3 */; };
/* End PBXBuildFile section */

/* Begin PBXContainerItemProxy section */
		D592DD041FA266A100258905 /* PBXContainerItemProxy */ = {
			isa = PBXContainerItemProxy;
			containerPortal = D592DCE71FA266A000258905 /* Project object */;
			proxyType = 1;
			remoteGlobalIDString = D592DCEE1FA266A000258905;
			remoteInfo = "TETRIS!";
		};
		D592DD0F1FA266A100258905 /* PBXContainerItemProxy */ = {
			isa = PBXContainerItemProxy;
			containerPortal = D592DCE71FA266A000258905 /* Project object */;
			proxyType = 1;
			remoteGlobalIDString = D592DCEE1FA266A000258905;
			remoteInfo = "TETRIS!";
		};
/* End PBXContainerItemProxy section */

/* Begin PBXFileReference section */
		D592DCEF1FA266A100258905 /* TETRIS!.app */ = {isa = PBXFileReference; explicitFileType = wrapper.application; includeInIndex = 0; path = "TETRIS!.app"; sourceTree = BUILT_PRODUCTS_DIR; };
		D592DCF21FA266A100258905 /* AppDelegate.swift */ = {isa = PBXFileReference; lastKnownFileType = sourcecode.swift; path = AppDelegate.swift; sourceTree = "<group>"; };
		D592DCF41FA266A100258905 /* ViewController.swift */ = {isa = PBXFileReference; lastKnownFileType = sourcecode.swift; path = ViewController.swift; sourceTree = "<group>"; };
		D592DCF71FA266A100258905 /* Base */ = {isa = PBXFileReference; lastKnownFileType = file.storyboard; name = Base; path = Base.lproj/Main.storyboard; sourceTree = "<group>"; };
		D592DCF91FA266A100258905 /* Assets.xcassets */ = {isa = PBXFileReference; lastKnownFileType = folder.assetcatalog; path = Assets.xcassets; sourceTree = "<group>"; };
		D592DCFC1FA266A100258905 /* Base */ = {isa = PBXFileReference; lastKnownFileType = file.storyboard; name = Base; path = Base.lproj/LaunchScreen.storyboard; sourceTree = "<group>"; };
		D592DCFE1FA266A100258905 /* Info.plist */ = {isa = PBXFileReference; lastKnownFileType = text.plist.xml; path = Info.plist; sourceTree = "<group>"; };
		D592DD031FA266A100258905 /* TETRIS!Tests.xctest */ = {isa = PBXFileReference; explicitFileType = wrapper.cfbundle; includeInIndex = 0; path = "TETRIS!Tests.xctest"; sourceTree = BUILT_PRODUCTS_DIR; };
		D592DD071FA266A100258905 /* TETRIS_Tests.swift */ = {isa = PBXFileReference; lastKnownFileType = sourcecode.swift; path = TETRIS_Tests.swift; sourceTree = "<group>"; };
		D592DD091FA266A100258905 /* Info.plist */ = {isa = PBXFileReference; lastKnownFileType = text.plist.xml; path = Info.plist; sourceTree = "<group>"; };
		D592DD0E1FA266A100258905 /* TETRIS!UITests.xctest */ = {isa = PBXFileReference; explicitFileType = wrapper.cfbundle; includeInIndex = 0; path = "TETRIS!UITests.xctest"; sourceTree = BUILT_PRODUCTS_DIR; };
		D592DD121FA266A100258905 /* TETRIS_UITests.swift */ = {isa = PBXFileReference; lastKnownFileType = sourcecode.swift; path = TETRIS_UITests.swift; sourceTree = "<group>"; };
		D592DD141FA266A100258905 /* Info.plist */ = {isa = PBXFileReference; lastKnownFileType = text.plist.xml; path = Info.plist; sourceTree = "<group>"; };
		D592DD201FA26D0B00258905 /* Tetris.mp3 */ = {isa = PBXFileReference; lastKnownFileType = audio.mp3; path = Tetris.mp3; sourceTree = "<group>"; };
		D5A0BA691FA27D1B00FE3DD9 /* AVFoundation.framework */ = {isa = PBXFileReference; lastKnownFileType = wrapper.framework; name = AVFoundation.framework; path = System/Library/Frameworks/AVFoundation.framework; sourceTree = SDKROOT; };
/* End PBXFileReference section */

/* Begin PBXFrameworksBuildPhase section */
		D592DCEC1FA266A000258905 /* Frameworks */ = {
			isa = PBXFrameworksBuildPhase;
			buildActionMask = 2147483647;
			files = (
				D5A0BA6A1FA27D1B00FE3DD9 /* AVFoundation.framework in Frameworks */,
			);
			runOnlyForDeploymentPostprocessing = 0;
		};
		D592DD001FA266A100258905 /* Frameworks */ = {
			isa = PBXFrameworksBuildPhase;
			buildActionMask = 2147483647;
			files = (
			);
			runOnlyForDeploymentPostprocessing = 0;
		};
		D592DD0B1FA266A100258905 /* Frameworks */ = {
			isa = PBXFrameworksBuildPhase;
			buildActionMask = 2147483647;
			files = (
			);
			runOnlyForDeploymentPostprocessing = 0;
		};
/* End PBXFrameworksBuildPhase section */

/* Begin PBXGroup section */
		D592DCE61FA266A000258905 = {
			isa = PBXGroup;
			children = (
				D592DCF11FA266A100258905 /* TETRIS! */,
				D592DD061FA266A100258905 /* TETRIS!Tests */,
				D592DD111FA266A100258905 /* TETRIS!UITests */,
				D592DCF01FA266A100258905 /* Products */,
				D5A0BA681FA27D1900FE3DD9 /* Frameworks */,
			);
			sourceTree = "<group>";
		};
		D592DCF01FA266A100258905 /* Products */ = {
			isa = PBXGroup;
			children = (
				D592DCEF1FA266A100258905 /* TETRIS!.app */,
				D592DD031FA266A100258905 /* TETRIS!Tests.xctest */,
				D592DD0E1FA266A100258905 /* TETRIS!UITests.xctest */,
			);
			name = Products;
			sourceTree = "<group>";
		};
		D592DCF11FA266A100258905 /* TETRIS! */ = {
			isa = PBXGroup;
			children = (
				D592DD201FA26D0B00258905 /* Tetris.mp3 */,
				D592DCF21FA266A100258905 /* AppDelegate.swift */,
				D592DCF41FA266A100258905 /* ViewController.swift */,
				D592DCF61FA266A100258905 /* Main.storyboard */,
				D592DCF91FA266A100258905 /* Assets.xcassets */,
				D592DCFB1FA266A100258905 /* LaunchScreen.storyboard */,
				D592DCFE1FA266A100258905 /* Info.plist */,
			);
			path = "TETRIS!";
			sourceTree = "<group>";
		};
		D592DD061FA266A100258905 /* TETRIS!Tests */ = {
			isa = PBXGroup;
			children = (
				D592DD071FA266A100258905 /* TETRIS_Tests.swift */,
				D592DD091FA266A100258905 /* Info.plist */,
			);
			path = "TETRIS!Tests";
			sourceTree = "<group>";
		};
		D592DD111FA266A100258905 /* TETRIS!UITests */ = {
			isa = PBXGroup;
			children = (
				D592DD121FA266A100258905 /* TETRIS_UITests.swift */,
				D592DD141FA266A100258905 /* Info.plist */,
			);
			path = "TETRIS!UITests";
			sourceTree = "<group>";
		};
		D5A0BA681FA27D1900FE3DD9 /* Frameworks */ = {
			isa = PBXGroup;
			children = (
				D5A0BA691FA27D1B00FE3DD9 /* AVFoundation.framework */,
			);
			name = Frameworks;
			sourceTree = "<group>";
		};
/* End PBXGroup section */

/* Begin PBXNativeTarget section */
		D592DCEE1FA266A000258905 /* TETRIS! */ = {
			isa = PBXNativeTarget;
			buildConfigurationList = D592DD171FA266A100258905 /* Build configuration list for PBXNativeTarget "TETRIS!" */;
			buildPhases = (
				D592DCEB1FA266A000258905 /* Sources */,
				D592DCEC1FA266A000258905 /* Frameworks */,
				D592DCED1FA266A000258905 /* Resources */,
			);
			buildRules = (
			);
			dependencies = (
			);
			name = "TETRIS!";
			productName = "TETRIS!";
			productReference = D592DCEF1FA266A100258905 /* TETRIS!.app */;
			productType = "com.apple.product-type.application";
		};
		D592DD021FA266A100258905 /* TETRIS!Tests */ = {
			isa = PBXNativeTarget;
			buildConfigurationList = D592DD1A1FA266A100258905 /* Build configuration list for PBXNativeTarget "TETRIS!Tests" */;
			buildPhases = (
				D592DCFF1FA266A100258905 /* Sources */,
				D592DD001FA266A100258905 /* Frameworks */,
				D592DD011FA266A100258905 /* Resources */,
			);
			buildRules = (
			);
			dependencies = (
				D592DD051FA266A100258905 /* PBXTargetDependency */,
			);
			name = "TETRIS!Tests";
			productName = "TETRIS!Tests";
			productReference = D592DD031FA266A100258905 /* TETRIS!Tests.xctest */;
			productType = "com.apple.product-type.bundle.unit-test";
		};
		D592DD0D1FA266A100258905 /* TETRIS!UITests */ = {
			isa = PBXNativeTarget;
			buildConfigurationList = D592DD1D1FA266A100258905 /* Build configuration list for PBXNativeTarget "TETRIS!UITests" */;
			buildPhases = (
				D592DD0A1FA266A100258905 /* Sources */,
				D592DD0B1FA266A100258905 /* Frameworks */,
				D592DD0C1FA266A100258905 /* Resources */,
			);
			buildRules = (
			);
			dependencies = (
				D592DD101FA266A100258905 /* PBXTargetDependency */,
			);
			name = "TETRIS!UITests";
			productName = "TETRIS!UITests";
			productReference = D592DD0E1FA266A100258905 /* TETRIS!UITests.xctest */;
			productType = "com.apple.product-type.bundle.ui-testing";
		};
/* End PBXNativeTarget section */

/* Begin PBXProject section */
		D592DCE71FA266A000258905 /* Project object */ = {
			isa = PBXProject;
			attributes = {
				LastSwiftUpdateCheck = 0900;
				LastUpgradeCheck = 0900;
				ORGANIZATIONNAME = "Joao Pedro Xavier";
				TargetAttributes = {
					D592DCEE1FA266A000258905 = {
						CreatedOnToolsVersion = 9.0;
						ProvisioningStyle = Automatic;
						SystemCapabilities = {
							com.apple.BackgroundModes = {
								enabled = 1;
							};
						};
					};
					D592DD021FA266A100258905 = {
						CreatedOnToolsVersion = 9.0;
						ProvisioningStyle = Automatic;
						TestTargetID = D592DCEE1FA266A000258905;
					};
					D592DD0D1FA266A100258905 = {
						CreatedOnToolsVersion = 9.0;
						ProvisioningStyle = Automatic;
						TestTargetID = D592DCEE1FA266A000258905;
					};
				};
			};
			buildConfigurationList = D592DCEA1FA266A000258905 /* Build configuration list for PBXProject "TETRIS!" */;
			compatibilityVersion = "Xcode 8.0";
			developmentRegion = en;
			hasScannedForEncodings = 0;
			knownRegions = (
				en,
				Base,
			);
			mainGroup = D592DCE61FA266A000258905;
			productRefGroup = D592DCF01FA266A100258905 /* Products */;
			projectDirPath = "";
			projectRoot = "";
			targets = (
				D592DCEE1FA266A000258905 /* TETRIS! */,
				D592DD021FA266A100258905 /* TETRIS!Tests */,
				D592DD0D1FA266A100258905 /* TETRIS!UITests */,
			);
		};
/* End PBXProject section */

/* Begin PBXResourcesBuildPhase section */
		D592DCED1FA266A000258905 /* Resources */ = {
			isa = PBXResourcesBuildPhase;
			buildActionMask = 2147483647;
			files = (
				D5A0BA6B1FA27E1500FE3DD9 /* Tetris.mp3 in Resources */,
				D592DCFD1FA266A100258905 /* LaunchScreen.storyboard in Resources */,
				D592DCFA1FA266A100258905 /* Assets.xcassets in Resources */,
				D592DCF81FA266A100258905 /* Main.storyboard in Resources */,
			);
			runOnlyForDeploymentPostprocessing = 0;
		};
		D592DD011FA266A100258905 /* Resources */ = {
			isa = PBXResourcesBuildPhase;
			buildActionMask = 2147483647;
			files = (
			);
			runOnlyForDeploymentPostprocessing = 0;
		};
		D592DD0C1FA266A100258905 /* Resources */ = {
			isa = PBXResourcesBuildPhase;
			buildActionMask = 2147483647;
			files = (
			);
			runOnlyForDeploymentPostprocessing = 0;
		};
/* End PBXResourcesBuildPhase section */

/* Begin PBXSourcesBuildPhase section */
		D592DCEB1FA266A000258905 /* Sources */ = {
			isa = PBXSourcesBuildPhase;
			buildActionMask = 2147483647;
			files = (
				D592DCF51FA266A100258905 /* ViewController.swift in Sources */,
				D592DCF31FA266A100258905 /* AppDelegate.swift in Sources */,
			);
			runOnlyForDeploymentPostprocessing = 0;
		};
		D592DCFF1FA266A100258905 /* Sources */ = {
			isa = PBXSourcesBuildPhase;
			buildActionMask = 2147483647;
			files = (
				D592DD081FA266A100258905 /* TETRIS_Tests.swift in Sources */,
			);
			runOnlyForDeploymentPostprocessing = 0;
		};
		D592DD0A1FA266A100258905 /* Sources */ = {
			isa = PBXSourcesBuildPhase;
			buildActionMask = 2147483647;
			files = (
				D592DD131FA266A100258905 /* TETRIS_UITests.swift in Sources */,
			);
			runOnlyForDeploymentPostprocessing = 0;
		};
/* End PBXSourcesBuildPhase section */

/* Begin PBXTargetDependency section */
		D592DD051FA266A100258905 /* PBXTargetDependency */ = {
			isa = PBXTargetDependency;
			target = D592DCEE1FA266A000258905 /* TETRIS! */;
			targetProxy = D592DD041FA266A100258905 /* PBXContainerItemProxy */;
		};
		D592DD101FA266A100258905 /* PBXTargetDependency */ = {
			isa = PBXTargetDependency;
			target = D592DCEE1FA266A000258905 /* TETRIS! */;
			targetProxy = D592DD0F1FA266A100258905 /* PBXContainerItemProxy */;
		};
/* End PBXTargetDependency section */

/* Begin PBXVariantGroup section */
		D592DCF61FA266A100258905 /* Main.storyboard */ = {
			isa = PBXVariantGroup;
			children = (
				D592DCF71FA266A100258905 /* Base */,
			);
			name = Main.storyboard;
			sourceTree = "<group>";
		};
		D592DCFB1FA266A100258905 /* LaunchScreen.storyboard */ = {
			isa = PBXVariantGroup;
			children = (
				D592DCFC1FA266A100258905 /* Base */,
			);
			name = LaunchScreen.storyboard;
			sourceTree = "<group>";
		};
/* End PBXVariantGroup section */

/* Begin XCBuildConfiguration section */
		D592DD151FA266A100258905 /* Debug */ = {
			isa = XCBuildConfiguration;
			buildSettings = {
				ALWAYS_SEARCH_USER_PATHS = NO;
				CLANG_ANALYZER_NONNULL = YES;
				CLANG_ANALYZER_NUMBER_OBJECT_CONVERSION = YES_AGGRESSIVE;
				CLANG_CXX_LANGUAGE_STANDARD = "gnu++14";
				CLANG_CXX_LIBRARY = "libc++";
				CLANG_ENABLE_MODULES = YES;
				CLANG_ENABLE_OBJC_ARC = YES;
				CLANG_WARN_BLOCK_CAPTURE_AUTORELEASING = YES;
				CLANG_WARN_BOOL_CONVERSION = YES;
				CLANG_WARN_COMMA = YES;
				CLANG_WARN_CONSTANT_CONVERSION = YES;
				CLANG_WARN_DIRECT_OBJC_ISA_USAGE = YES_ERROR;
				CLANG_WARN_DOCUMENTATION_COMMENTS = YES;
				CLANG_WARN_EMPTY_BODY = YES;
				CLANG_WARN_ENUM_CONVERSION = YES;
				CLANG_WARN_INFINITE_RECURSION = YES;
				CLANG_WARN_INT_CONVERSION = YES;
				CLANG_WARN_NON_LITERAL_NULL_CONVERSION = YES;
				CLANG_WARN_OBJC_LITERAL_CONVERSION = YES;
				CLANG_WARN_OBJC_ROOT_CLASS = YES_ERROR;
				CLANG_WARN_RANGE_LOOP_ANALYSIS = YES;
				CLANG_WARN_STRICT_PROTOTYPES = YES;
				CLANG_WARN_SUSPICIOUS_MOVE = YES;
				CLANG_WARN_UNGUARDED_AVAILABILITY = YES_AGGRESSIVE;
				CLANG_WARN_UNREACHABLE_CODE = YES;
				CLANG_WARN__DUPLICATE_METHOD_MATCH = YES;
				CODE_SIGN_IDENTITY = "iPhone Developer";
				COPY_PHASE_STRIP = NO;
				DEBUG_INFORMATION_FORMAT = dwarf;
				ENABLE_STRICT_OBJC_MSGSEND = YES;
				ENABLE_TESTABILITY = YES;
				GCC_C_LANGUAGE_STANDARD = gnu11;
				GCC_DYNAMIC_NO_PIC = NO;
				GCC_NO_COMMON_BLOCKS = YES;
				GCC_OPTIMIZATION_LEVEL = 0;
				GCC_PREPROCESSOR_DEFINITIONS = (
					"DEBUG=1",
					"$(inherited)",
				);
				GCC_WARN_64_TO_32_BIT_CONVERSION = YES;
				GCC_WARN_ABOUT_RETURN_TYPE = YES_ERROR;
				GCC_WARN_UNDECLARED_SELECTOR = YES;
				GCC_WARN_UNINITIALIZED_AUTOS = YES_AGGRESSIVE;
				GCC_WARN_UNUSED_FUNCTION = YES;
				GCC_WARN_UNUSED_VARIABLE = YES;
				IPHONEOS_DEPLOYMENT_TARGET = 11.0;
				MTL_ENABLE_DEBUG_INFO = YES;
				ONLY_ACTIVE_ARCH = YES;
				SDKROOT = iphoneos;
				SWIFT_ACTIVE_COMPILATION_CONDITIONS = DEBUG;
				SWIFT_OPTIMIZATION_LEVEL = "-Onone";
			};
			name = Debug;
		};
		D592DD161FA266A100258905 /* Release */ = {
			isa = XCBuildConfiguration;
			buildSettings = {
				ALWAYS_SEARCH_USER_PATHS = NO;
				CLANG_ANALYZER_NONNULL = YES;
				CLANG_ANALYZER_NUMBER_OBJECT_CONVERSION = YES_AGGRESSIVE;
				CLANG_CXX_LANGUAGE_STANDARD = "gnu++14";
				CLANG_CXX_LIBRARY = "libc++";
				CLANG_ENABLE_MODULES = YES;
				CLANG_ENABLE_OBJC_ARC = YES;
				CLANG_WARN_BLOCK_CAPTURE_AUTORELEASING = YES;
				CLANG_WARN_BOOL_CONVERSION = YES;
				CLANG_WARN_COMMA = YES;
				CLANG_WARN_CONSTANT_CONVERSION = YES;
				CLANG_WARN_DIRECT_OBJC_ISA_USAGE = YES_ERROR;
				CLANG_WARN_DOCUMENTATION_COMMENTS = YES;
				CLANG_WARN_EMPTY_BODY = YES;
				CLANG_WARN_ENUM_CONVERSION = YES;
				CLANG_WARN_INFINITE_RECURSION = YES;
				CLANG_WARN_INT_CONVERSION = YES;
				CLANG_WARN_NON_LITERAL_NULL_CONVERSION = YES;
				CLANG_WARN_OBJC_LITERAL_CONVERSION = YES;
				CLANG_WARN_OBJC_ROOT_CLASS = YES_ERROR;
				CLANG_WARN_RANGE_LOOP_ANALYSIS = YES;
				CLANG_WARN_STRICT_PROTOTYPES = YES;
				CLANG_WARN_SUSPICIOUS_MOVE = YES;
				CLANG_WARN_UNGUARDED_AVAILABILITY = YES_AGGRESSIVE;
				CLANG_WARN_UNREACHABLE_CODE = YES;
				CLANG_WARN__DUPLICATE_METHOD_MATCH = YES;
				CODE_SIGN_IDENTITY = "iPhone Developer";
				COPY_PHASE_STRIP = NO;
				DEBUG_INFORMATION_FORMAT = "dwarf-with-dsym";
				ENABLE_NS_ASSERTIONS = NO;
				ENABLE_STRICT_OBJC_MSGSEND = YES;
				GCC_C_LANGUAGE_STANDARD = gnu11;
				GCC_NO_COMMON_BLOCKS = YES;
				GCC_WARN_64_TO_32_BIT_CONVERSION = YES;
				GCC_WARN_ABOUT_RETURN_TYPE = YES_ERROR;
				GCC_WARN_UNDECLARED_SELECTOR = YES;
				GCC_WARN_UNINITIALIZED_AUTOS = YES_AGGRESSIVE;
				GCC_WARN_UNUSED_FUNCTION = YES;
				GCC_WARN_UNUSED_VARIABLE = YES;
				IPHONEOS_DEPLOYMENT_TARGET = 11.0;
				MTL_ENABLE_DEBUG_INFO = NO;
				SDKROOT = iphoneos;
				SWIFT_OPTIMIZATION_LEVEL = "-Owholemodule";
				VALIDATE_PRODUCT = YES;
			};
			name = Release;
		};
		D592DD181FA266A100258905 /* Debug */ = {
			isa = XCBuildConfiguration;
			buildSettings = {
				ASSETCATALOG_COMPILER_APPICON_NAME = AppIcon;
				CODE_SIGN_STYLE = Automatic;
				DEVELOPMENT_TEAM = 45AHCDSHD4;
				INFOPLIST_FILE = "TETRIS!/Info.plist";
				LD_RUNPATH_SEARCH_PATHS = "$(inherited) @executable_path/Frameworks";
				PRODUCT_BUNDLE_IDENTIFIER = "impa.TETRIS-";
				PRODUCT_NAME = "$(TARGET_NAME)";
				SWIFT_VERSION = 4.0;
				TARGETED_DEVICE_FAMILY = "1,2";
			};
			name = Debug;
		};
		D592DD191FA266A100258905 /* Release */ = {
			isa = XCBuildConfiguration;
			buildSettings = {
				ASSETCATALOG_COMPILER_APPICON_NAME = AppIcon;
				CODE_SIGN_STYLE = Automatic;
				DEVELOPMENT_TEAM = 45AHCDSHD4;
				INFOPLIST_FILE = "TETRIS!/Info.plist";
				LD_RUNPATH_SEARCH_PATHS = "$(inherited) @executable_path/Frameworks";
				PRODUCT_BUNDLE_IDENTIFIER = "impa.TETRIS-";
				PRODUCT_NAME = "$(TARGET_NAME)";
				SWIFT_VERSION = 4.0;
				TARGETED_DEVICE_FAMILY = "1,2";
			};
			name = Release;
		};
		D592DD1B1FA266A100258905 /* Debug */ = {
			isa = XCBuildConfiguration;
			buildSettings = {
				ALWAYS_EMBED_SWIFT_STANDARD_LIBRARIES = YES;
				BUNDLE_LOADER = "$(TEST_HOST)";
				CODE_SIGN_STYLE = Automatic;
				DEVELOPMENT_TEAM = 75UQ6URK4A;
				INFOPLIST_FILE = "TETRIS!Tests/Info.plist";
				LD_RUNPATH_SEARCH_PATHS = "$(inherited) @executable_path/Frameworks @loader_path/Frameworks";
				PRODUCT_BUNDLE_IDENTIFIER = "impa.TETRIS-Tests";
				PRODUCT_NAME = "$(TARGET_NAME)";
				SWIFT_VERSION = 4.0;
				TARGETED_DEVICE_FAMILY = "1,2";
				TEST_HOST = "$(BUILT_PRODUCTS_DIR)/TETRIS!.app/TETRIS!";
			};
			name = Debug;
		};
		D592DD1C1FA266A100258905 /* Release */ = {
			isa = XCBuildConfiguration;
			buildSettings = {
				ALWAYS_EMBED_SWIFT_STANDARD_LIBRARIES = YES;
				BUNDLE_LOADER = "$(TEST_HOST)";
				CODE_SIGN_STYLE = Automatic;
				DEVELOPMENT_TEAM = 75UQ6URK4A;
				INFOPLIST_FILE = "TETRIS!Tests/Info.plist";
				LD_RUNPATH_SEARCH_PATHS = "$(inherited) @executable_path/Frameworks @loader_path/Frameworks";
				PRODUCT_BUNDLE_IDENTIFIER = "impa.TETRIS-Tests";
				PRODUCT_NAME = "$(TARGET_NAME)";
				SWIFT_VERSION = 4.0;
				TARGETED_DEVICE_FAMILY = "1,2";
				TEST_HOST = "$(BUILT_PRODUCTS_DIR)/TETRIS!.app/TETRIS!";
			};
			name = Release;
		};
		D592DD1E1FA266A100258905 /* Debug */ = {
			isa = XCBuildConfiguration;
			buildSettings = {
				ALWAYS_EMBED_SWIFT_STANDARD_LIBRARIES = YES;
				CODE_SIGN_STYLE = Automatic;
				DEVELOPMENT_TEAM = 75UQ6URK4A;
				INFOPLIST_FILE = "TETRIS!UITests/Info.plist";
				LD_RUNPATH_SEARCH_PATHS = "$(inherited) @executable_path/Frameworks @loader_path/Frameworks";
				PRODUCT_BUNDLE_IDENTIFIER = "impa.TETRIS-UITests";
				PRODUCT_NAME = "$(TARGET_NAME)";
				SWIFT_VERSION = 4.0;
				TARGETED_DEVICE_FAMILY = "1,2";
				TEST_TARGET_NAME = "TETRIS!";
			};
			name = Debug;
		};
		D592DD1F1FA266A100258905 /* Release */ = {
			isa = XCBuildConfiguration;
			buildSettings = {
				ALWAYS_EMBED_SWIFT_STANDARD_LIBRARIES = YES;
				CODE_SIGN_STYLE = Automatic;
				DEVELOPMENT_TEAM = 75UQ6URK4A;
				INFOPLIST_FILE = "TETRIS!UITests/Info.plist";
				LD_RUNPATH_SEARCH_PATHS = "$(inherited) @executable_path/Frameworks @loader_path/Frameworks";
				PRODUCT_BUNDLE_IDENTIFIER = "impa.TETRIS-UITests";
				PRODUCT_NAME = "$(TARGET_NAME)";
				SWIFT_VERSION = 4.0;
				TARGETED_DEVICE_FAMILY = "1,2";
				TEST_TARGET_NAME = "TETRIS!";
			};
			name = Release;
		};
/* End XCBuildConfiguration section */

/* Begin XCConfigurationList section */
		D592DCEA1FA266A000258905 /* Build configuration list for PBXProject "TETRIS!" */ = {
			isa = XCConfigurationList;
			buildConfigurations = (
				D592DD151FA266A100258905 /* Debug */,
				D592DD161FA266A100258905 /* Release */,
			);
			defaultConfigurationIsVisible = 0;
			defaultConfigurationName = Release;
		};
		D592DD171FA266A100258905 /* Build configuration list for PBXNativeTarget "TETRIS!" */ = {
			isa = XCConfigurationList;
			buildConfigurations = (
				D592DD181FA266A100258905 /* Debug */,
				D592DD191FA266A100258905 /* Release */,
			);
			defaultConfigurationIsVisible = 0;
			defaultConfigurationName = Release;
		};
		D592DD1A1FA266A100258905 /* Build configuration list for PBXNativeTarget "TETRIS!Tests" */ = {
			isa = XCConfigurationList;
			buildConfigurations = (
				D592DD1B1FA266A100258905 /* Debug */,
				D592DD1C1FA266A100258905 /* Release */,
			);
			defaultConfigurationIsVisible = 0;
			defaultConfigurationName = Release;
		};
		D592DD1D1FA266A100258905 /* Build configuration list for PBXNativeTarget "TETRIS!UITests" */ = {
			isa = XCConfigurationList;
			buildConfigurations = (
				D592DD1E1FA266A100258905 /* Debug */,
				D592DD1F1FA266A100258905 /* Release */,
			);
			defaultConfigurationIsVisible = 0;
			defaultConfigurationName = Release;
		};
/* End XCConfigurationList section */
	};
	rootObject = D592DCE71FA266A000258905 /* Project object */;
}
